
Microsoft Visual Studio Solution File, Format Version 12.00
# Visual Studio Version 16
VisualStudioVersion = 16.0.32126.315
MinimumVisualStudioVersion = 10.0.40219.1
Project("{FAE04EC0-301F-11D3-BF4B-00C04F79EFBC}") = "WebBanlaptop", "WebBanlaptop\WebBanlaptop.csproj", "{952B91B7-2B13-4040-BF76-39B6D6678123}"
EndProject
Global
	GlobalSection(SolutionConfigurationPlatforms) = preSolution
		Debug|Any CPU = Debug|Any CPU
		Release|Any CPU = Release|Any CPU
	EndGlobalSection
	GlobalSection(ProjectConfigurationPlatforms) = postSolution
		{952B91B7-2B13-4040-BF76-39B6D6678123}.Debug|Any CPU.ActiveCfg = Debug|Any CPU
		{952B91B7-2B13-4040-BF76-39B6D6678123}.Debug|Any CPU.Build.0 = Debug|Any CPU
		{952B91B7-2B13-4040-BF76-39B6D6678123}.Release|Any CPU.ActiveCfg = Release|Any CPU
		{952B91B7-2B13-4040-BF76-39B6D6678123}.Release|Any CPU.Build.0 = Release|Any CPU
	EndGlobalSection
	GlobalSection(SolutionProperties) = preSolution
		HideSolutionNode = FALSE
	EndGlobalSection
	GlobalSection(ExtensibilityGlobals) = postSolution
		SolutionGuid = {AD85E12F-0FAD-4300-A15E-6D0EFB92D6F2}
	EndGlobalSection
EndGlobal
